<?xml version="1.0" encoding="utf-8"?>
<Project ToolsVersion="4.0" xmlns="http://schemas.microsoft.com/developer/msbuild/2003">
  <ItemGroup>
    <Filter Include="win32">
      <UniqueIdentifier>{84a8ebd7-7cf0-47f6-b75e-d441df67da40}</UniqueIdentifier>
    </Filter>
    <Filter Include="resource">
      <UniqueIdentifier>{715254bc-d70b-4ec5-bf29-467dd3ace079}</UniqueIdentifier>
    </Filter>
    <Filter Include="src">
      <UniqueIdentifier>{bb6c862e-70e9-49d9-81b7-3829a6f50471}</UniqueIdentifier>
    </Filter>
    <Filter Include="src\data">
      <UniqueIdentifier>{7772f920-028e-432a-b97e-b3215f82afda}</UniqueIdentifier>
    </Filter>
    <Filter Include="src\component">
      <UniqueIdentifier>{b14c9a79-073a-4c4e-88e5-bd9b43984f56}</UniqueIdentifier>
    </Filter>
    <Filter Include="src\game">
      <UniqueIdentifier>{c3efed9e-8faf-462a-9b09-cafc2f618d04}</UniqueIdentifier>
    </Filter>
    <Filter Include="src\actor">
      <UniqueIdentifier>{c8e037a5-07e6-40a3-860e-2f29cdfad2a6}</UniqueIdentifier>
    </Filter>
    <Filter Include="src\manager">
      <UniqueIdentifier>{055e0e2a-ad45-4938-bef7-1bdec02edf04}</UniqueIdentifier>
    </Filter>
    <Filter Include="src\utils">
      <UniqueIdentifier>{50b3d4f9-1835-4401-bbe8-bc8c297155da}</UniqueIdentifier>
    </Filter>
    <Filter Include="src\network">
      <UniqueIdentifier>{50362393-a764-4a7f-8cfe-3804481b4fe1}</UniqueIdentifier>
    </Filter>
  </ItemGroup>
  <ItemGroup>
    <ClCompile Include="main.cpp">
      <Filter>win32</Filter>
    </ClCompile>
    <ClCompile Include="..\Classes\AppDelegate.cpp">
      <Filter>src</Filter>
    </ClCompile>
    <ClCompile Include="..\Classes\HelloWorldScene.cpp">
      <Filter>src</Filter>
    </ClCompile>
    <ClCompile Include="..\Classes\CocosBuilderLayer.cpp">
      <Filter>src</Filter>
    </ClCompile>
    <ClCompile Include="..\Classes\NetDelegate.cpp">
      <Filter>src</Filter>
    </ClCompile>
    <ClCompile Include="..\Classes\sport\FruitMachineScene.cpp">
      <Filter>src\game</Filter>
    </ClCompile>
    <ClCompile Include="..\Classes\component\NoticeLable.cpp">
      <Filter>src\component</Filter>
    </ClCompile>
    <ClCompile Include="..\Classes\component\DigitalScrollLable.cpp">
      <Filter>src\component</Filter>
    </ClCompile>
    <ClCompile Include="..\Classes\CityScene.cpp">
      <Filter>src</Filter>
    </ClCompile>
    <ClCompile Include="..\Classes\actor\ActorBase.cpp">
      <Filter>src\actor</Filter>
    </ClCompile>
    <ClCompile Include="..\Classes\manager\WebDelegateManager.cpp">
      <Filter>src\manager</Filter>
    </ClCompile>
    <ClCompile Include="..\Classes\LauncherScene.cpp">
      <Filter>src</Filter>
    </ClCompile>
    <ClCompile Include="..\Classes\LoadingScene.cpp">
      <Filter>src</Filter>
    </ClCompile>
    <ClCompile Include="..\Classes\utils\OsUtils.cpp">
      <Filter>src\utils</Filter>
    </ClCompile>
    <ClCompile Include="..\Classes\manager\GameManager.cpp">
      <Filter>src\manager</Filter>
    </ClCompile>
    <ClCompile Include="..\Classes\utils\StringUtils.cpp">
      <Filter>src\utils</Filter>
    </ClCompile>
    <ClCompile Include="..\Classes\manager\SceneManager.cpp">
      <Filter>src\manager</Filter>
    </ClCompile>
    <ClCompile Include="..\Classes\TestScene.cpp">
      <Filter>src</Filter>
    </ClCompile>
  </ItemGroup>
  <ItemGroup>
    <ClInclude Include="main.h">
      <Filter>win32</Filter>
    </ClInclude>
    <ClInclude Include="..\Classes\AppDelegate.h">
      <Filter>src</Filter>
    </ClInclude>
    <ClInclude Include="..\Classes\HelloWorldScene.h">
      <Filter>src</Filter>
    </ClInclude>
    <ClInclude Include="..\Classes\CocosBuilderLayer.h">
      <Filter>src</Filter>
    </ClInclude>
    <ClInclude Include="..\Classes\NetDelegate.h">
      <Filter>src</Filter>
    </ClInclude>
    <ClInclude Include="..\Classes\CocosBuilderLayerLoader.h">
      <Filter>src</Filter>
    </ClInclude>
    <ClInclude Include="..\Classes\sport\FruitMachineScene.h">
      <Filter>src\game</Filter>
    </ClInclude>
    <ClInclude Include="..\Classes\component\NoticeLable.h">
      <Filter>src\component</Filter>
    </ClInclude>
    <ClInclude Include="..\Classes\component\DigitalScrollLable.h">
      <Filter>src\component</Filter>
    </ClInclude>
    <ClInclude Include="..\Classes\CityScene.h">
      <Filter>src</Filter>
    </ClInclude>
    <ClInclude Include="..\Classes\actor\ActorBase.h">
      <Filter>src\actor</Filter>
    </ClInclude>
    <ClInclude Include="..\Classes\manager\WebDelegateManager.h">
      <Filter>src\manager</Filter>
    </ClInclude>
    <ClInclude Include="..\Classes\manager\Singleton.h">
      <Filter>src\manager</Filter>
    </ClInclude>
    <ClInclude Include="..\Classes\LauncherScene.h">
      <Filter>src</Filter>
    </ClInclude>
    <ClInclude Include="..\Classes\LoadingScene.h">
      <Filter>src</Filter>
    </ClInclude>
    <ClInclude Include="..\Classes\utils\OsUtils.h">
      <Filter>src\utils</Filter>
    </ClInclude>
    <ClInclude Include="..\Classes\manager\GameManager.h">
      <Filter>src\manager</Filter>
    </ClInclude>
    <ClInclude Include="..\Classes\utils\StringUtils.h">
      <Filter>src\utils</Filter>
    </ClInclude>
    <ClInclude Include="..\Classes\manager\SceneManager.h">
      <Filter>src\manager</Filter>
    </ClInclude>
    <ClInclude Include="..\Classes\TestScene.h">
      <Filter>src</Filter>
    </ClInclude>
  </ItemGroup>
  <ItemGroup>
    <ResourceCompile Include="game.rc">
      <Filter>resource</Filter>
    </ResourceCompile>
  </ItemGroup>
</Project>